<?xml version="1.0" encoding="utf-8"?>
<Project ToolsVersion="4.0" xmlns="http://schemas.microsoft.com/developer/msbuild/2003">
  <ItemGroup>
    <Filter Include="Source Files">
      <UniqueIdentifier>{4FC737F1-C7A5-4376-A066-2A32D752A2FF}</UniqueIdentifier>
      <Extensions>cpp;c;cc;cxx;def;odl;idl;hpj;bat;asm;asmx</Extensions>
    </Filter>
    <Filter Include="Header Files">
      <UniqueIdentifier>{93995380-89BD-4b04-88EB-625FBE52EBFB}</UniqueIdentifier>
      <Extensions>h;hh;hpp;hxx;hm;inl;inc;xsd</Extensions>
    </Filter>
    <Filter Include="Resource Files">
      <UniqueIdentifier>{67DA6AB6-F800-4c08-8B7A-83BB121AAD01}</UniqueIdentifier>
      <Extensions>rc;ico;cur;bmp;dlg;rc2;rct;bin;rgs;gif;jpg;jpeg;jpe;resx;tiff;tif;png;wav;mfcribbon-ms</Extensions>
    </Filter>
    <Filter Include="Header Files\Shapes">
      <UniqueIdentifier>{4f5cf71c-cbf0-4132-957d-a03e6bdf9e5f}</UniqueIdentifier>
    </Filter>
    <Filter Include="Source Files\Shapes">
      <UniqueIdentifier>{0570633b-a4ad-4bbf-94a9-316119bdbfc4}</UniqueIdentifier>
    </Filter>
    <Filter Include="Header Files\Tracers">
      <UniqueIdentifier>{94c84f2d-b387-43cd-b28a-a5af3150a19d}</UniqueIdentifier>
    </Filter>
    <Filter Include="Source Files\Tracers">
      <UniqueIdentifier>{bfdedb56-7392-4c56-b8a3-8ba445a9889b}</UniqueIdentifier>
    </Filter>
    <Filter Include="Header Files\Samplers">
      <UniqueIdentifier>{7c638b76-e6e5-41e5-9435-19bd78e829ac}</UniqueIdentifier>
    </Filter>
    <Filter Include="Source Files\Samplers">
      <UniqueIdentifier>{4dc2fcc0-53f4-4b92-8010-0be0425000e5}</UniqueIdentifier>
    </Filter>
    <Filter Include="Header Files\Cameras">
      <UniqueIdentifier>{7b0eeb45-1515-4518-b402-5436ec39e46a}</UniqueIdentifier>
    </Filter>
    <Filter Include="Source Files\Cameras">
      <UniqueIdentifier>{9bc0ed69-e29f-41fb-8a3c-8ab0e4ee817e}</UniqueIdentifier>
    </Filter>
    <Filter Include="Header Files\DataModels">
      <UniqueIdentifier>{211c7dd9-1854-4990-b69c-8cab7014e869}</UniqueIdentifier>
    </Filter>
    <Filter Include="Source Files\DataModels">
      <UniqueIdentifier>{379ac9f6-b9ca-456b-aa9c-0bca4e54930e}</UniqueIdentifier>
    </Filter>
    <Filter Include="Header Files\Reflectance Functions">
      <UniqueIdentifier>{0b89aac9-dd10-451c-9171-c87c8cc3638b}</UniqueIdentifier>
    </Filter>
    <Filter Include="Source Files\Reflectance Functions">
      <UniqueIdentifier>{da6ce154-316a-430e-9a52-1a5a65fdc081}</UniqueIdentifier>
    </Filter>
    <Filter Include="Header Files\Lights">
      <UniqueIdentifier>{63e64d6c-40b9-4ed8-8ed4-9d0a8b6dd64a}</UniqueIdentifier>
    </Filter>
    <Filter Include="Source Files\Lights">
      <UniqueIdentifier>{63f9a85e-5825-4378-ba31-1b307b896f9a}</UniqueIdentifier>
    </Filter>
    <Filter Include="Header Files\Materials">
      <UniqueIdentifier>{03a2407b-d9b4-4f9a-a782-8767661b87a5}</UniqueIdentifier>
    </Filter>
    <Filter Include="Source Files\Materials">
      <UniqueIdentifier>{ce6da37c-c099-40a6-bee1-5804ecc68784}</UniqueIdentifier>
    </Filter>
  </ItemGroup>
  <ItemGroup>
    <Text Include="ReadMe.txt" />
  </ItemGroup>
  <ItemGroup>
    <ClInclude Include="stdafx.h">
      <Filter>Header Files</Filter>
    </ClInclude>
    <ClInclude Include="targetver.h">
      <Filter>Header Files</Filter>
    </ClInclude>
    <ClInclude Include="Penthesilea.h">
      <Filter>Header Files</Filter>
    </ClInclude>
    <ClInclude Include="Ray.h">
      <Filter>Header Files</Filter>
    </ClInclude>
    <ClInclude Include="TraceResult.h">
      <Filter>Header Files</Filter>
    </ClInclude>
    <ClInclude Include="World.h">
      <Filter>Header Files</Filter>
    </ClInclude>
    <ClInclude Include="GeometricObject.h">
      <Filter>Header Files\Shapes</Filter>
    </ClInclude>
    <ClInclude Include="Plane.h">
      <Filter>Header Files\Shapes</Filter>
    </ClInclude>
    <ClInclude Include="Sphere.h">
      <Filter>Header Files\Shapes</Filter>
    </ClInclude>
    <ClInclude Include="BuildFunctions.h">
      <Filter>Header Files</Filter>
    </ClInclude>
    <ClInclude Include="ViewPlane.h">
      <Filter>Header Files</Filter>
    </ClInclude>
    <ClInclude Include="ITracer.h">
      <Filter>Header Files\Tracers</Filter>
    </ClInclude>
    <ClInclude Include="WinMainParameters.h">
      <Filter>Header Files</Filter>
    </ClInclude>
    <ClInclude Include="RenderWindow.h">
      <Filter>Header Files</Filter>
    </ClInclude>
    <ClInclude Include="MultipleObjects.h">
      <Filter>Header Files\Tracers</Filter>
    </ClInclude>
    <ClInclude Include="ISampler.h">
      <Filter>Header Files\Samplers</Filter>
    </ClInclude>
    <ClInclude Include="StandardSamplers.h">
      <Filter>Header Files\Samplers</Filter>
    </ClInclude>
    <ClInclude Include="Triangle.h">
      <Filter>Header Files\Shapes</Filter>
    </ClInclude>
    <ClInclude Include="Quad.h">
      <Filter>Header Files\Shapes</Filter>
    </ClInclude>
    <ClInclude Include="ICamera.h">
      <Filter>Header Files\Cameras</Filter>
    </ClInclude>
    <ClInclude Include="Point2D.h">
      <Filter>Header Files\DataModels</Filter>
    </ClInclude>
    <ClInclude Include="RGBColour.h">
      <Filter>Header Files\DataModels</Filter>
    </ClInclude>
    <ClInclude Include="Vector3.h">
      <Filter>Header Files\DataModels</Filter>
    </ClInclude>
    <ClInclude Include="OrthographicCamera.h">
      <Filter>Header Files\Cameras</Filter>
    </ClInclude>
    <ClInclude Include="PinholeCamera.h">
      <Filter>Header Files\Cameras</Filter>
    </ClInclude>
    <ClInclude Include="Box.h">
      <Filter>Header Files\Shapes</Filter>
    </ClInclude>
    <ClInclude Include="IReflectanceFunction.h">
      <Filter>Header Files\Reflectance Functions</Filter>
    </ClInclude>
    <ClInclude Include="LambertianReflectance.h">
      <Filter>Header Files\Reflectance Functions</Filter>
    </ClInclude>
    <ClInclude Include="PerfectSpecularReflectance.h">
      <Filter>Header Files\Reflectance Functions</Filter>
    </ClInclude>
    <ClInclude Include="GlossySpecularReflectance.h">
      <Filter>Header Files\Reflectance Functions</Filter>
    </ClInclude>
    <ClInclude Include="ILight.h">
      <Filter>Header Files\Lights</Filter>
    </ClInclude>
    <ClInclude Include="AmbientLight.h">
      <Filter>Header Files\Lights</Filter>
    </ClInclude>
    <ClInclude Include="DirectionalLight.h">
      <Filter>Header Files\Lights</Filter>
    </ClInclude>
    <ClInclude Include="PointLight.h">
      <Filter>Header Files\Lights</Filter>
    </ClInclude>
    <ClInclude Include="IMaterial.h">
      <Filter>Header Files\Materials</Filter>
    </ClInclude>
    <ClInclude Include="RayCastTracer.h">
      <Filter>Header Files\Tracers</Filter>
    </ClInclude>
    <ClInclude Include="WhittedTracer.h">
      <Filter>Header Files\Tracers</Filter>
    </ClInclude>
    <ClInclude Include="AreaLightingTracer.h">
      <Filter>Header Files\Tracers</Filter>
    </ClInclude>
    <ClInclude Include="PathTracer.h">
      <Filter>Header Files\Tracers</Filter>
    </ClInclude>
    <ClInclude Include="MatteMaterial.h">
      <Filter>Header Files\Materials</Filter>
    </ClInclude>
    <ClInclude Include="PhongMaterial.h">
      <Filter>Header Files\Materials</Filter>
    </ClInclude>
    <ClInclude Include="lib\lodepng.h">
      <Filter>Header Files</Filter>
    </ClInclude>
    <ClInclude Include="resource.h">
      <Filter>Header Files</Filter>
    </ClInclude>
  </ItemGroup>
  <ItemGroup>
    <ClCompile Include="stdafx.cpp">
      <Filter>Source Files</Filter>
    </ClCompile>
    <ClCompile Include="Penthesilea.cpp">
      <Filter>Source Files</Filter>
    </ClCompile>
    <ClCompile Include="Ray.cpp">
      <Filter>Source Files</Filter>
    </ClCompile>
    <ClCompile Include="TraceResult.cpp">
      <Filter>Source Files</Filter>
    </ClCompile>
    <ClCompile Include="World.cpp">
      <Filter>Source Files</Filter>
    </ClCompile>
    <ClCompile Include="Plane.cpp">
      <Filter>Source Files\Shapes</Filter>
    </ClCompile>
    <ClCompile Include="Sphere.cpp">
      <Filter>Source Files\Shapes</Filter>
    </ClCompile>
    <ClCompile Include="BuildFunctions.cpp">
      <Filter>Source Files</Filter>
    </ClCompile>
    <ClCompile Include="ViewPlane.cpp">
      <Filter>Source Files</Filter>
    </ClCompile>
    <ClCompile Include="ITracer.cpp">
      <Filter>Source Files\Tracers</Filter>
    </ClCompile>
    <ClCompile Include="RenderWindow.cpp">
      <Filter>Source Files</Filter>
    </ClCompile>
    <ClCompile Include="MultipleObjects.cpp">
      <Filter>Source Files\Tracers</Filter>
    </ClCompile>
    <ClCompile Include="StandardSamplers.cpp">
      <Filter>Source Files\Samplers</Filter>
    </ClCompile>
    <ClCompile Include="ISampler.cpp">
      <Filter>Source Files\Samplers</Filter>
    </ClCompile>
    <ClCompile Include="Triangle.cpp">
      <Filter>Source Files\Shapes</Filter>
    </ClCompile>
    <ClCompile Include="Quad.cpp">
      <Filter>Source Files\Shapes</Filter>
    </ClCompile>
    <ClCompile Include="ICamera.cpp">
      <Filter>Source Files\Cameras</Filter>
    </ClCompile>
    <ClCompile Include="RGBColour.cpp">
      <Filter>Source Files\DataModels</Filter>
    </ClCompile>
    <ClCompile Include="Vector3.cpp">
      <Filter>Source Files\DataModels</Filter>
    </ClCompile>
    <ClCompile Include="OrthographicCamera.cpp">
      <Filter>Source Files\Cameras</Filter>
    </ClCompile>
    <ClCompile Include="PinholeCamera.cpp">
      <Filter>Source Files\Cameras</Filter>
    </ClCompile>
    <ClCompile Include="Box.cpp">
      <Filter>Source Files\Shapes</Filter>
    </ClCompile>
    <ClCompile Include="LambertianReflectance.cpp">
      <Filter>Source Files\Reflectance Functions</Filter>
    </ClCompile>
    <ClCompile Include="PerfectSpecularReflectance.cpp">
      <Filter>Source Files\Reflectance Functions</Filter>
    </ClCompile>
    <ClCompile Include="GlossySpecularReflectance.cpp">
      <Filter>Source Files\Reflectance Functions</Filter>
    </ClCompile>
    <ClCompile Include="AmbientLight.cpp">
      <Filter>Source Files\Lights</Filter>
    </ClCompile>
    <ClCompile Include="PointLight.cpp">
      <Filter>Source Files\Lights</Filter>
    </ClCompile>
    <ClCompile Include="DirectionalLight.cpp">
      <Filter>Source Files\Lights</Filter>
    </ClCompile>
    <ClCompile Include="RayCastTracer.cpp">
      <Filter>Source Files\Tracers</Filter>
    </ClCompile>
    <ClCompile Include="WhittedTracer.cpp">
      <Filter>Source Files\Tracers</Filter>
    </ClCompile>
    <ClCompile Include="AreaLightingTracer.cpp">
      <Filter>Source Files\Tracers</Filter>
    </ClCompile>
    <ClCompile Include="PathTracer.cpp">
      <Filter>Source Files\Tracers</Filter>
    </ClCompile>
    <ClCompile Include="IMaterial.cpp">
      <Filter>Source Files\Materials</Filter>
    </ClCompile>
    <ClCompile Include="MatteMaterial.cpp">
      <Filter>Source Files\Materials</Filter>
    </ClCompile>
    <ClCompile Include="PhongMaterial.cpp">
      <Filter>Source Files\Materials</Filter>
    </ClCompile>
    <ClCompile Include="GeometricObject.cpp">
      <Filter>Source Files\Shapes</Filter>
    </ClCompile>
    <ClCompile Include="lodepng.cpp">
      <Filter>Source Files</Filter>
    </ClCompile>
  </ItemGroup>
  <ItemGroup>
    <ResourceCompile Include="Penthesilea.rc">
      <Filter>Resource Files</Filter>
    </ResourceCompile>
  </ItemGroup>
</Project>